
Microsoft Visual Studio Solution File, Format Version 12.00
Project("{FAE04EC0-301F-11D3-BF4B-00C04F79EFBC}") = "Antiplagiarism", "Antiplagiarism.csproj", "{F894BC21-E942-4207-84F3-A511FB9A2BB4}"
EndProject
Global
	GlobalSection(SolutionConfigurationPlatforms) = preSolution
		Debug|Any CPU = Debug|Any CPU
		Release|Any CPU = Release|Any CPU
	EndGlobalSection
	GlobalSection(ProjectConfigurationPlatforms) = postSolution
		{F894BC21-E942-4207-84F3-A511FB9A2BB4}.Debug|Any CPU.ActiveCfg = Debug|Any CPU
		{F894BC21-E942-4207-84F3-A511FB9A2BB4}.Debug|Any CPU.Build.0 = Debug|Any CPU
		{F894BC21-E942-4207-84F3-A511FB9A2BB4}.Release|Any CPU.ActiveCfg = Release|Any CPU
		{F894BC21-E942-4207-84F3-A511FB9A2BB4}.Release|Any CPU.Build.0 = Release|Any CPU
	EndGlobalSection
EndGlobal
